version: 1.0
shards:
  blank:
    github: kostya/blank
    commit: 9106c23080fb08f271dcd00d4de75fd6481a1de6

  db:
    github: crystal-lang/crystal-db
    version: 0.4.3

  habitat:
    github: luckyframework/habitat
    version: 0.2.0

  lucky_cli:
    github: luckyframework/cli
    version: 0.6.2

  lucky_migrator:
    github: luckyframework/migrator
    version: 0.2.3

  lucky_record:
    github: luckyframework/record
    version: 0.2.1

  lucky_router:
    github: luckyframework/router
    version: 0.2.0

  lucky_web:
    github: luckyframework/web
    version: 0.5.1

  pg:
    github: will/crystal-pg
    version: 0.13.4

  shell-table:
    github: jwaldrip/shell-table.cr
    version: 0.9.2

  teeplate:
    github: mosop/teeplate
    version: 0.4.5

